version = 1
revision = 3
requires-python = ">=3.14"

[[package]]
name = "cachetools"
version = "7.2.0"
source = { registry = "https://pypi.org/simple" }
sdist = { url = "https://files.pythonhosted.org/packages/29/2c/3f18755527b03ca9ff6be724bd5370cb777c76a87f17301377cf04a4729b/cachetools-7.2.0.tar.gz", hash = "sha256:bcac1a1b8da6909994a2957238a57b8140dab7c5c5c69a43669654fe87a33c1d", size = 41129, upload-time = "2026-09-16T20:48:27.209Z" }
wheels = [
    { url = "https://files.pythonhosted.org/packages/cc/bb/1c6e7a89b11da19f137e4ef5a5c5fe47a5bb686449ba343944ccf8fb34b2/cachetools-7.2.0-py3-none-any.whl", hash = "sha256:3045213f186b89fdd95d94441354c4bd87c570b7a38d8c3fd1d9dd37f6dc90d8", size = 16918, upload-time = "2026-09-16T20:48:25.575Z" },
]

[[package]]
name = "dotenv"
version = "0.9.9"
source = { registry = "https://pypi.org/simple" }
dependencies = [
    { name = "python-dotenv" },
]
wheels = [
    { url = "https://files.pythonhosted.org/packages/b2/b7/545d2c10c1fc15e48653c91efde329a790f2eecfbbf2bd16003b5db2bab0/dotenv-0.9.9-py2.py3-none-any.whl", hash = "sha256:29cf74a087b31dafdb5a446b6d7e11cbce8ed2741540e2339c69fbef92c94ce9", size = 1892, upload-time = "2025-02-19T22:15:01.647Z" },
]

[[package]]
name = "jayants-shell"
version = "0.1.0"
source = { virtual = "." }
dependencies = [
    { name = "cachetools" },
    { name = "dotenv" },
    { name = "prompt-toolkit" },
]

[package.metadata]
requires-dist = [
    { name = "cachetools", specifier = ">=7.2.0" },
    { name = "dotenv", specifier = ">=0.9.9" },
    { name = "prompt-toolkit", specifier = ">=3.0.53" },
]

[[package]]
name = "prompt-toolkit"
version = "3.0.53"
source = { registry = "https://pypi.org/simple" }
dependencies = [
    { name = "wcwidth" },
]
sdist = { url = "https://files.pythonhosted.org/packages/7d/ea/39b988c938f75cb75d7045b5c69f8bfed47ee2152c8837fb403de29d6fb8/prompt_toolkit-3.0.53.tar.gz", hash = "sha256:9ec8a0ad96d5c56148b3f914aa79c1564c3fde5d2e6b876e7bc327e353cf8fa6", size = 435492, upload-time = "2026-07-26T20:56:14.758Z" }
wheels = [
    { url = "https://files.pythonhosted.org/packages/54/6f/84908cad2d6aa5144abcf7b42709fe4fdb459bc640ec7ac5786e7693dabc/prompt_toolkit-3.0.53-py3-none-any.whl", hash = "sha256:01c0891d7f9237d5e339f7d3e42cdae80b7534abb1c7c0e3352efba6231492f2", size = 392288, upload-time = "2026-07-26T20:56:12.512Z" },
]

[[package]]
name = "python-dotenv"
version = "1.2.3"
source = { registry = "https://pypi.org/simple" }
sdist = { url = "https://files.pythonhosted.org/packages/6a/53/ed9d74092561d4b01a2ef1349d52cdbc135e526c245f366b089cfca6de49/python_dotenv-1.2.3.tar.gz", hash = "sha256:a20a594dabeaa385725aa239d5244871c143ecb356add8a20fcf23773a6c3a35", size = 58945, upload-time = "2026-08-16T16:54:54.067Z" }
wheels = [
    { url = "https://files.pythonhosted.org/packages/0d/17/c5c6b53ddc18f297992099b3d9ec16c855c0ccc83263a21fe4d1c625ec6c/python_dotenv-1.2.3-py3-none-any.whl", hash = "sha256:904552145e8bfed22162c09dab1c2b9b54fefa7b23ba780f4f26ca0316b0f0d9", size = 22780, upload-time = "2026-08-16T16:54:52.473Z" },
]

[[package]]
name = "wcwidth"
version = "0.8.4"
source = { registry = "https://pypi.org/simple" }
sdist = { url = "https://files.pythonhosted.org/packages/3d/7a/f98d4ada7c499565ab0c0fcef28a4e54fafa72b8228a6309803c80493c92/wcwidth-0.8.4.tar.gz", hash = "sha256:2dae09efa25253ae2874188e86d6861af3b1652aef4118cdf3f0bda288a957fb", size = 414609, upload-time = "2026-09-17T23:31:45.287Z" }
wheels = [
    { url = "https://files.pythonhosted.org/packages/39/cc/9c0adc5861020de426ec71716b6c1bef8d90694b7d6d0a16202cdb1647f5/wcwidth-0.8.4-py3-none-any.whl", hash = "sha256:2097bb1d28a0ba8fe177c2eb607317f9b1627b03f33ebebfd3da670b337a65ba", size = 299474, upload-time = "2026-09-17T23:31:43.816Z" },
]
